
Microsoft Visual Studio Solution File, Format Version 12.00
Project("{FAE04EC0-301F-11D3-BF4B-00C04F79EFBC}") = "faggruppe-ux-design.", "faggruppe-ux-design.\faggruppe-ux-design..csproj", "{657104F3-F17B-4B20-9A4D-64C9F3210A4E}"
EndProject
Project("{FAE04EC0-301F-11D3-BF4B-00C04F79EFBC}") = "faggruppe-ux-design..Droid", "faggruppe-ux-design..Droid\faggruppe-ux-design..Droid.csproj", "{584C2C20-758A-40EF-90E7-77D28470D59A}"
EndProject
Project("{FAE04EC0-301F-11D3-BF4B-00C04F79EFBC}") = "faggruppe-ux-design..iOS", "faggruppe-ux-design..iOS\faggruppe-ux-design..iOS.csproj", "{A194AD0F-FF59-45F7-BF07-D77D6848FFE4}"
EndProject
Global
	GlobalSection(SolutionConfigurationPlatforms) = preSolution
		Ad-Hoc|iPhone = Ad-Hoc|iPhone
		AppStore|iPhone = AppStore|iPhone
		Debug|Any CPU = Debug|Any CPU
		Debug|iPhone = Debug|iPhone
		Debug|iPhoneSimulator = Debug|iPhoneSimulator
		Release|Any CPU = Release|Any CPU
		Release|iPhone = Release|iPhone
		Release|iPhoneSimulator = Release|iPhoneSimulator
	EndGlobalSection
	GlobalSection(ProjectConfigurationPlatforms) = postSolution
		{657104F3-F17B-4B20-9A4D-64C9F3210A4E}.Ad-Hoc|iPhone.ActiveCfg = Debug|Any CPU
		{657104F3-F17B-4B20-9A4D-64C9F3210A4E}.Ad-Hoc|iPhone.Build.0 = Debug|Any CPU
		{657104F3-F17B-4B20-9A4D-64C9F3210A4E}.AppStore|iPhone.ActiveCfg = Debug|Any CPU
		{657104F3-F17B-4B20-9A4D-64C9F3210A4E}.AppStore|iPhone.Build.0 = Debug|Any CPU
		{657104F3-F17B-4B20-9A4D-64C9F3210A4E}.Debug|Any CPU.ActiveCfg = Debug|Any CPU
		{657104F3-F17B-4B20-9A4D-64C9F3210A4E}.Debug|Any CPU.Build.0 = Debug|Any CPU
		{657104F3-F17B-4B20-9A4D-64C9F3210A4E}.Debug|iPhone.ActiveCfg = Debug|Any CPU
		{657104F3-F17B-4B20-9A4D-64C9F3210A4E}.Debug|iPhone.Build.0 = Debug|Any CPU
		{657104F3-F17B-4B20-9A4D-64C9F3210A4E}.Debug|iPhoneSimulator.ActiveCfg = Debug|Any CPU
		{657104F3-F17B-4B20-9A4D-64C9F3210A4E}.Debug|iPhoneSimulator.Build.0 = Debug|Any CPU
		{657104F3-F17B-4B20-9A4D-64C9F3210A4E}.Release|Any CPU.ActiveCfg = Release|Any CPU
		{657104F3-F17B-4B20-9A4D-64C9F3210A4E}.Release|Any CPU.Build.0 = Release|Any CPU
		{657104F3-F17B-4B20-9A4D-64C9F3210A4E}.Release|iPhone.ActiveCfg = Release|Any CPU
		{657104F3-F17B-4B20-9A4D-64C9F3210A4E}.Release|iPhone.Build.0 = Release|Any CPU
		{657104F3-F17B-4B20-9A4D-64C9F3210A4E}.Release|iPhoneSimulator.ActiveCfg = Release|Any CPU
		{657104F3-F17B-4B20-9A4D-64C9F3210A4E}.Release|iPhoneSimulator.Build.0 = Release|Any CPU
		{584C2C20-758A-40EF-90E7-77D28470D59A}.Ad-Hoc|iPhone.ActiveCfg = Debug|Any CPU
		{584C2C20-758A-40EF-90E7-77D28470D59A}.Ad-Hoc|iPhone.Build.0 = Debug|Any CPU
		{584C2C20-758A-40EF-90E7-77D28470D59A}.Ad-Hoc|iPhone.Deploy.0 = Debug|Any CPU
		{584C2C20-758A-40EF-90E7-77D28470D59A}.AppStore|iPhone.ActiveCfg = Debug|Any CPU
		{584C2C20-758A-40EF-90E7-77D28470D59A}.AppStore|iPhone.Build.0 = Debug|Any CPU
		{584C2C20-758A-40EF-90E7-77D28470D59A}.AppStore|iPhone.Deploy.0 = Debug|Any CPU
		{584C2C20-758A-40EF-90E7-77D28470D59A}.Debug|Any CPU.ActiveCfg = Debug|Any CPU
		{584C2C20-758A-40EF-90E7-77D28470D59A}.Debug|Any CPU.Build.0 = Debug|Any CPU
		{584C2C20-758A-40EF-90E7-77D28470D59A}.Debug|Any CPU.Deploy.0 = Debug|Any CPU
		{584C2C20-758A-40EF-90E7-77D28470D59A}.Debug|iPhone.ActiveCfg = Debug|Any CPU
		{584C2C20-758A-40EF-90E7-77D28470D59A}.Debug|iPhone.Build.0 = Debug|Any CPU
		{584C2C20-758A-40EF-90E7-77D28470D59A}.Debug|iPhone.Deploy.0 = Debug|Any CPU
		{584C2C20-758A-40EF-90E7-77D28470D59A}.Debug|iPhoneSimulator.ActiveCfg = Debug|Any CPU
		{584C2C20-758A-40EF-90E7-77D28470D59A}.Debug|iPhoneSimulator.Build.0 = Debug|Any CPU
		{584C2C20-758A-40EF-90E7-77D28470D59A}.Debug|iPhoneSimulator.Deploy.0 = Debug|Any CPU
		{584C2C20-758A-40EF-90E7-77D28470D59A}.Release|Any CPU.ActiveCfg = Release|Any CPU
		{584C2C20-758A-40EF-90E7-77D28470D59A}.Release|Any CPU.Build.0 = Release|Any CPU
		{584C2C20-758A-40EF-90E7-77D28470D59A}.Release|Any CPU.Deploy.0 = Release|Any CPU
		{584C2C20-758A-40EF-90E7-77D28470D59A}.Release|iPhone.ActiveCfg = Release|Any CPU
		{584C2C20-758A-40EF-90E7-77D28470D59A}.Release|iPhone.Build.0 = Release|Any CPU
		{584C2C20-758A-40EF-90E7-77D28470D59A}.Release|iPhone.Deploy.0 = Release|Any CPU
		{584C2C20-758A-40EF-90E7-77D28470D59A}.Release|iPhoneSimulator.ActiveCfg = Release|Any CPU
		{584C2C20-758A-40EF-90E7-77D28470D59A}.Release|iPhoneSimulator.Build.0 = Release|Any CPU
		{584C2C20-758A-40EF-90E7-77D28470D59A}.Release|iPhoneSimulator.Deploy.0 = Release|Any CPU
		{A194AD0F-FF59-45F7-BF07-D77D6848FFE4}.Ad-Hoc|iPhone.ActiveCfg = Ad-Hoc|iPhone
		{A194AD0F-FF59-45F7-BF07-D77D6848FFE4}.Ad-Hoc|iPhone.Build.0 = Ad-Hoc|iPhone
		{A194AD0F-FF59-45F7-BF07-D77D6848FFE4}.Ad-Hoc|iPhone.Deploy.0 = Ad-Hoc|iPhone
		{A194AD0F-FF59-45F7-BF07-D77D6848FFE4}.AppStore|iPhone.ActiveCfg = AppStore|iPhone
		{A194AD0F-FF59-45F7-BF07-D77D6848FFE4}.AppStore|iPhone.Build.0 = AppStore|iPhone
		{A194AD0F-FF59-45F7-BF07-D77D6848FFE4}.AppStore|iPhone.Deploy.0 = AppStore|iPhone
		{A194AD0F-FF59-45F7-BF07-D77D6848FFE4}.Debug|Any CPU.ActiveCfg = Debug|iPhoneSimulator
		{A194AD0F-FF59-45F7-BF07-D77D6848FFE4}.Debug|Any CPU.Build.0 = Debug|iPhoneSimulator
		{A194AD0F-FF59-45F7-BF07-D77D6848FFE4}.Debug|Any CPU.Deploy.0 = Debug|iPhoneSimulator
		{A194AD0F-FF59-45F7-BF07-D77D6848FFE4}.Debug|iPhone.ActiveCfg = Debug|iPhone
		{A194AD0F-FF59-45F7-BF07-D77D6848FFE4}.Debug|iPhone.Build.0 = Debug|iPhone
		{A194AD0F-FF59-45F7-BF07-D77D6848FFE4}.Debug|iPhone.Deploy.0 = Debug|iPhone
		{A194AD0F-FF59-45F7-BF07-D77D6848FFE4}.Debug|iPhoneSimulator.ActiveCfg = Debug|iPhoneSimulator
		{A194AD0F-FF59-45F7-BF07-D77D6848FFE4}.Debug|iPhoneSimulator.Build.0 = Debug|iPhoneSimulator
		{A194AD0F-FF59-45F7-BF07-D77D6848FFE4}.Debug|iPhoneSimulator.Deploy.0 = Debug|iPhoneSimulator
		{A194AD0F-FF59-45F7-BF07-D77D6848FFE4}.Release|Any CPU.ActiveCfg = Release|iPhoneSimulator
		{A194AD0F-FF59-45F7-BF07-D77D6848FFE4}.Release|Any CPU.Build.0 = Release|iPhoneSimulator
		{A194AD0F-FF59-45F7-BF07-D77D6848FFE4}.Release|Any CPU.Deploy.0 = Release|iPhoneSimulator
		{A194AD0F-FF59-45F7-BF07-D77D6848FFE4}.Release|iPhone.ActiveCfg = Release|iPhone
		{A194AD0F-FF59-45F7-BF07-D77D6848FFE4}.Release|iPhone.Build.0 = Release|iPhone
		{A194AD0F-FF59-45F7-BF07-D77D6848FFE4}.Release|iPhone.Deploy.0 = Release|iPhone
		{A194AD0F-FF59-45F7-BF07-D77D6848FFE4}.Release|iPhoneSimulator.ActiveCfg = Release|iPhoneSimulator
		{A194AD0F-FF59-45F7-BF07-D77D6848FFE4}.Release|iPhoneSimulator.Build.0 = Release|iPhoneSimulator
		{A194AD0F-FF59-45F7-BF07-D77D6848FFE4}.Release|iPhoneSimulator.Deploy.0 = Release|iPhoneSimulator
	EndGlobalSection
EndGlobal
